
Microsoft Visual Studio Solution File, Format Version 12.00
# Visual Studio 15
VisualStudioVersion = 15.0.27428.2037
MinimumVisualStudioVersion = 10.0.40219.1
Project("{FAE04EC0-301F-11D3-BF4B-00C04F79EFBC}") = "DeliveryOfGoods", "DeliveryOfGoods\DeliveryOfGoods.csproj", "{9BE7FCBB-26D7-457C-88D1-B7DDBC3C4EC4}"
EndProject
Global
	GlobalSection(SolutionConfigurationPlatforms) = preSolution
		Debug|Any CPU = Debug|Any CPU
		Release|Any CPU = Release|Any CPU
	EndGlobalSection
	GlobalSection(ProjectConfigurationPlatforms) = postSolution
		{9BE7FCBB-26D7-457C-88D1-B7DDBC3C4EC4}.Debug|Any CPU.ActiveCfg = Debug|Any CPU
		{9BE7FCBB-26D7-457C-88D1-B7DDBC3C4EC4}.Debug|Any CPU.Build.0 = Debug|Any CPU
		{9BE7FCBB-26D7-457C-88D1-B7DDBC3C4EC4}.Release|Any CPU.ActiveCfg = Release|Any CPU
		{9BE7FCBB-26D7-457C-88D1-B7DDBC3C4EC4}.Release|Any CPU.Build.0 = Release|Any CPU
	EndGlobalSection
	GlobalSection(SolutionProperties) = preSolution
		HideSolutionNode = FALSE
	EndGlobalSection
	GlobalSection(ExtensibilityGlobals) = postSolution
		SolutionGuid = {C9D8C687-428B-4E19-84F9-E9F10AD0F0AB}
	EndGlobalSection
EndGlobal
